// !$*UTF8*$!
{
	archiveVersion = 1;
	classes = {
	};
	objectVersion = 77;
	objects = {

/* Begin PBXBuildFile section */
		DE1478952FA693F600DD1E8F /* RootTabView.swift in Sources */ = {isa = PBXBuildFile; fileRef = DE1478942FA693E300DD1E8F /* RootTabView.swift */; };
		DE1478972FA6940400DD1E8F /* Movie.swift in Sources */ = {isa = PBXBuildFile; fileRef = DE1478962FA693FA00DD1E8F /* Movie.swift */; };
		DE1478A62FA7E59F00DD1E8F /* Showtime.swift in Sources */ = {isa = PBXBuildFile; fileRef = DE1478A52FA7E59000DD1E8F /* Showtime.swift */; };
		DE1478A82FA7E60100DD1E8F /* Seat.swift in Sources */ = {isa = PBXBuildFile; fileRef = DE1478A72FA7E5F900DD1E8F /* Seat.swift */; };
		DE1478AA2FA7E6A700DD1E8F /* MovieDetailView.swift in Sources */ = {isa = PBXBuildFile; fileRef = DE1478A92FA7E68E00DD1E8F /* MovieDetailView.swift */; };
		DE1478AC2FA7E7C200DD1E8F /* SeatSelectionView.swift in Sources */ = {isa = PBXBuildFile; fileRef = DE1478AB2FA7E7C100DD1E8F /* SeatSelectionView.swift */; };
		DE1478AD2FA7ED5B00DD1E8F /* MovieListView.swift in Sources */ = {isa = PBXBuildFile; fileRef = DE1478892FA6933D00DD1E8F /* MovieListView.swift */; };
		DE1478B32FA7EE8E00DD1E8F /* BookingStore.swift in Sources */ = {isa = PBXBuildFile; fileRef = DE1478AE2FA7EDBD00DD1E8F /* BookingStore.swift */; };
		DE1478BD2FA93C2A00DD1E8F /* BookingError.swift in Sources */ = {isa = PBXBuildFile; fileRef = DE1478BC2FA93C1700DD1E8F /* BookingError.swift */; };
		DE1478BF2FA93C4500DD1E8F /* Order.swift in Sources */ = {isa = PBXBuildFile; fileRef = DE1478BE2FA93C3C00DD1E8F /* Order.swift */; };
		DE1478C32FA93CB500DD1E8F /* OrderConfirmationView.swift in Sources */ = {isa = PBXBuildFile; fileRef = DE1478C22FA93C9700DD1E8F /* OrderConfirmationView.swift */; };
		DE1478C42FA93D7600DD1E8F /* BookingService.swift in Sources */ = {isa = PBXBuildFile; fileRef = DE1478C12FA93C7300DD1E8F /* BookingService.swift */; };
/* End PBXBuildFile section */

/* Begin PBXFileReference section */
		DE1478842FA6933D00DD1E8F /* CinmaBooking.app */ = {isa = PBXFileReference; explicitFileType = wrapper.application; includeInIndex = 0; path = CinmaBooking.app; sourceTree = BUILT_PRODUCTS_DIR; };
		DE1478892FA6933D00DD1E8F /* MovieListView.swift */ = {isa = PBXFileReference; lastKnownFileType = sourcecode.swift; path = MovieListView.swift; sourceTree = "<group>"; };
		DE1478942FA693E300DD1E8F /* RootTabView.swift */ = {isa = PBXFileReference; lastKnownFileType = sourcecode.swift; path = RootTabView.swift; sourceTree = "<group>"; };
		DE1478962FA693FA00DD1E8F /* Movie.swift */ = {isa = PBXFileReference; lastKnownFileType = sourcecode.swift; path = Movie.swift; sourceTree = "<group>"; };
		DE1478A52FA7E59000DD1E8F /* Showtime.swift */ = {isa = PBXFileReference; lastKnownFileType = sourcecode.swift; path = Showtime.swift; sourceTree = "<group>"; };
		DE1478A72FA7E5F900DD1E8F /* Seat.swift */ = {isa = PBXFileReference; lastKnownFileType = sourcecode.swift; path = Seat.swift; sourceTree = "<group>"; };
		DE1478A92FA7E68E00DD1E8F /* MovieDetailView.swift */ = {isa = PBXFileReference; lastKnownFileType = sourcecode.swift; path = MovieDetailView.swift; sourceTree = "<group>"; };
		DE1478AB2FA7E7C100DD1E8F /* SeatSelectionView.swift */ = {isa = PBXFileReference; lastKnownFileType = sourcecode.swift; path = SeatSelectionView.swift; sourceTree = "<group>"; };
		DE1478AE2FA7EDBD00DD1E8F /* BookingStore.swift */ = {isa = PBXFileReference; lastKnownFileType = sourcecode.swift; path = BookingStore.swift; sourceTree = "<group>"; };
		DE1478BC2FA93C1700DD1E8F /* BookingError.swift */ = {isa = PBXFileReference; lastKnownFileType = sourcecode.swift; path = BookingError.swift; sourceTree = "<group>"; };
		DE1478BE2FA93C3C00DD1E8F /* Order.swift */ = {isa = PBXFileReference; lastKnownFileType = sourcecode.swift; path = Order.swift; sourceTree = "<group>"; };
		DE1478C12FA93C7300DD1E8F /* BookingService.swift */ = {isa = PBXFileReference; lastKnownFileType = sourcecode.swift; path = BookingService.swift; sourceTree = "<group>"; };
		DE1478C22FA93C9700DD1E8F /* OrderConfirmationView.swift */ = {isa = PBXFileReference; lastKnownFileType = sourcecode.swift; path = OrderConfirmationView.swift; sourceTree = "<group>"; };
/* End PBXFileReference section */

/* Begin PBXFileSystemSynchronizedRootGroup section */
		DE1478862FA6933D00DD1E8F /* CinmaBooking */ = {
			isa = PBXFileSystemSynchronizedRootGroup;
			path = CinmaBooking;
			sourceTree = "<group>";
		};
		DE1478982FA6941000DD1E8F /* Perview Content */ = {
			isa = PBXFileSystemSynchronizedRootGroup;
			path = "Perview Content";
			sourceTree = "<group>";
		};
/* End PBXFileSystemSynchronizedRootGroup section */

/* Begin PBXFrameworksBuildPhase section */
		DE1478812FA6933D00DD1E8F /* Frameworks */ = {
			isa = PBXFrameworksBuildPhase;
			buildActionMask = 2147483647;
			files = (
			);
			runOnlyForDeploymentPostprocessing = 0;
		};
/* End PBXFrameworksBuildPhase section */

/* Begin PBXGroup section */
		DE14787B2FA6933D00DD1E8F = {
			isa = PBXGroup;
			children = (
				DE1478C02FA93C6100DD1E8F /* Services */,
				DE14789D2FA7E1E200DD1E8F /* Stores */,
				DE1478862FA6933D00DD1E8F /* CinmaBooking */,
				DE1478922FA6936200DD1E8F /* Views */,
				DE1478932FA693A500DD1E8F /* Models */,
				DE1478852FA6933D00DD1E8F /* Products */,
			);
			sourceTree = "<group>";
		};
		DE1478852FA6933D00DD1E8F /* Products */ = {
			isa = PBXGroup;
			children = (
				DE1478842FA6933D00DD1E8F /* CinmaBooking.app */,
			);
			name = Products;
			sourceTree = "<group>";
		};
		DE1478922FA6936200DD1E8F /* Views */ = {
			isa = PBXGroup;
			children = (
				DE1478C22FA93C9700DD1E8F /* OrderConfirmationView.swift */,
				DE1478AB2FA7E7C100DD1E8F /* SeatSelectionView.swift */,
				DE1478A92FA7E68E00DD1E8F /* MovieDetailView.swift */,
				DE1478942FA693E300DD1E8F /* RootTabView.swift */,
				DE1478892FA6933D00DD1E8F /* MovieListView.swift */,
			);
			path = Views;
			sourceTree = "<group>";
		};
		DE1478932FA693A500DD1E8F /* Models */ = {
			isa = PBXGroup;
			children = (
				DE1478BE2FA93C3C00DD1E8F /* Order.swift */,
				DE1478BC2FA93C1700DD1E8F /* BookingError.swift */,
				DE1478A72FA7E5F900DD1E8F /* Seat.swift */,
				DE1478A52FA7E59000DD1E8F /* Showtime.swift */,
				DE1478962FA693FA00DD1E8F /* Movie.swift */,
				DE1478982FA6941000DD1E8F /* Perview Content */,
			);
			path = Models;
			sourceTree = "<group>";
		};
		DE14789D2FA7E1E200DD1E8F /* Stores */ = {
			isa = PBXGroup;
			children = (
				DE1478AE2FA7EDBD00DD1E8F /* BookingStore.swift */,
			);
			path = Stores;
			sourceTree = "<group>";
		};
		DE1478C02FA93C6100DD1E8F /* Services */ = {
			isa = PBXGroup;
			children = (
				DE1478C12FA93C7300DD1E8F /* BookingService.swift */,
			);
			path = Services;
			sourceTree = "<group>";
		};
/* End PBXGroup section */

/* Begin PBXNativeTarget section */
		DE1478832FA6933D00DD1E8F /* CinmaBooking */ = {
			isa = PBXNativeTarget;
			buildConfigurationList = DE14788F2FA6933D00DD1E8F /* Build configuration list for PBXNativeTarget "CinmaBooking" */;
			buildPhases = (
				DE1478802FA6933D00DD1E8F /* Sources */,
				DE1478812FA6933D00DD1E8F /* Frameworks */,
				DE1478822FA6933D00DD1E8F /* Resources */,
			);
			buildRules = (
			);
			dependencies = (
			);
			fileSystemSynchronizedGroups = (
				DE1478862FA6933D00DD1E8F /* CinmaBooking */,
				DE1478982FA6941000DD1E8F /* Perview Content */,
			);
			name = CinmaBooking;
			packageProductDependencies = (
			);
			productName = CinmaBooking;
			productReference = DE1478842FA6933D00DD1E8F /* CinmaBooking.app */;
			productType = "com.apple.product-type.application";
		};
/* End PBXNativeTarget section */

/* Begin PBXProject section */
		DE14787C2FA6933D00DD1E8F /* Project object */ = {
			isa = PBXProject;
			attributes = {
				BuildIndependentTargetsInParallel = 1;
				LastSwiftUpdateCheck = 2640;
				LastUpgradeCheck = 2640;
				TargetAttributes = {
					DE1478832FA6933D00DD1E8F = {
						CreatedOnToolsVersion = 26.4.1;
					};
				};
			};
			buildConfigurationList = DE14787F2FA6933D00DD1E8F /* Build configuration list for PBXProject "CinmaBooking" */;
			developmentRegion = en;
			hasScannedForEncodings = 0;
			knownRegions = (
				en,
				Base,
			);
			mainGroup = DE14787B2FA6933D00DD1E8F;
			minimizedProjectReferenceProxies = 1;
			preferredProjectObjectVersion = 77;
			productRefGroup = DE1478852FA6933D00DD1E8F /* Products */;
			projectDirPath = "";
			projectRoot = "";
			targets = (
				DE1478832FA6933D00DD1E8F /* CinmaBooking */,
			);
		};
/* End PBXProject section */

/* Begin PBXResourcesBuildPhase section */
		DE1478822FA6933D00DD1E8F /* Resources */ = {
			isa = PBXResourcesBuildPhase;
			buildActionMask = 2147483647;
			files = (
			);
			runOnlyForDeploymentPostprocessing = 0;
		};
/* End PBXResourcesBuildPhase section */

/* Begin PBXSourcesBuildPhase section */
		DE1478802FA6933D00DD1E8F /* Sources */ = {
			isa = PBXSourcesBuildPhase;
			buildActionMask = 2147483647;
			files = (
				DE1478C42FA93D7600DD1E8F /* BookingService.swift in Sources */,
				DE1478BD2FA93C2A00DD1E8F /* BookingError.swift in Sources */,
				DE1478B32FA7EE8E00DD1E8F /* BookingStore.swift in Sources */,
				DE1478A82FA7E60100DD1E8F /* Seat.swift in Sources */,
				DE1478952FA693F600DD1E8F /* RootTabView.swift in Sources */,
				DE1478BF2FA93C4500DD1E8F /* Order.swift in Sources */,
				DE1478972FA6940400DD1E8F /* Movie.swift in Sources */,
				DE1478AC2FA7E7C200DD1E8F /* SeatSelectionView.swift in Sources */,
				DE1478AD2FA7ED5B00DD1E8F /* MovieListView.swift in Sources */,
				DE1478AA2FA7E6A700DD1E8F /* MovieDetailView.swift in Sources */,
				DE1478C32FA93CB500DD1E8F /* OrderConfirmationView.swift in Sources */,
				DE1478A62FA7E59F00DD1E8F /* Showtime.swift in Sources */,
			);
			runOnlyForDeploymentPostprocessing = 0;
		};
/* End PBXSourcesBuildPhase section */

/* Begin XCBuildConfiguration section */
		DE14788D2FA6933D00DD1E8F /* Debug */ = {
			isa = XCBuildConfiguration;
			buildSettings = {
				ALWAYS_SEARCH_USER_PATHS = NO;
				ASSETCATALOG_COMPILER_GENERATE_SWIFT_ASSET_SYMBOL_EXTENSIONS = YES;
				CLANG_ANALYZER_NONNULL = YES;
				CLANG_ANALYZER_NUMBER_OBJECT_CONVERSION = YES_AGGRESSIVE;
				CLANG_CXX_LANGUAGE_STANDARD = "gnu++20";
				CLANG_ENABLE_MODULES = YES;
				CLANG_ENABLE_OBJC_ARC = YES;
				CLANG_ENABLE_OBJC_WEAK = YES;
				CLANG_WARN_BLOCK_CAPTURE_AUTORELEASING = YES;
				CLANG_WARN_BOOL_CONVERSION = YES;
				CLANG_WARN_COMMA = YES;
				CLANG_WARN_CONSTANT_CONVERSION = YES;
				CLANG_WARN_DEPRECATED_OBJC_IMPLEMENTATIONS = YES;
				CLANG_WARN_DIRECT_OBJC_ISA_USAGE = YES_ERROR;
				CLANG_WARN_DOCUMENTATION_COMMENTS = YES;
				CLANG_WARN_EMPTY_BODY = YES;
				CLANG_WARN_ENUM_CONVERSION = YES;
				CLANG_WARN_INFINITE_RECURSION = YES;
				CLANG_WARN_INT_CONVERSION = YES;
				CLANG_WARN_NON_LITERAL_NULL_CONVERSION = YES;
				CLANG_WARN_OBJC_IMPLICIT_RETAIN_SELF = YES;
				CLANG_WARN_OBJC_LITERAL_CONVERSION = YES;
				CLANG_WARN_OBJC_ROOT_CLASS = YES_ERROR;
				CLANG_WARN_QUOTED_INCLUDE_IN_FRAMEWORK_HEADER = YES;
				CLANG_WARN_RANGE_LOOP_ANALYSIS = YES;
				CLANG_WARN_STRICT_PROTOTYPES = YES;
				CLANG_WARN_SUSPICIOUS_MOVE = YES;
				CLANG_WARN_UNGUARDED_AVAILABILITY = YES_AGGRESSIVE;
				CLANG_WARN_UNREACHABLE_CODE = YES;
				CLANG_WARN__DUPLICATE_METHOD_MATCH = YES;
				COPY_PHASE_STRIP = NO;
				DEBUG_INFORMATION_FORMAT = dwarf;
				ENABLE_STRICT_OBJC_MSGSEND = YES;
				ENABLE_TESTABILITY = YES;
				ENABLE_USER_SCRIPT_SANDBOXING = YES;
				GCC_C_LANGUAGE_STANDARD = gnu17;
				GCC_DYNAMIC_NO_PIC = NO;
				GCC_NO_COMMON_BLOCKS = YES;
				GCC_OPTIMIZATION_LEVEL = 0;
				GCC_PREPROCESSOR_DEFINITIONS = (
					"DEBUG=1",
					"$(inherited)",
				);
				GCC_WARN_64_TO_32_BIT_CONVERSION = YES;
				GCC_WARN_ABOUT_RETURN_TYPE = YES_ERROR;
				GCC_WARN_UNDECLARED_SELECTOR = YES;
				GCC_WARN_UNINITIALIZED_AUTOS = YES_AGGRESSIVE;
				GCC_WARN_UNUSED_FUNCTION = YES;
				GCC_WARN_UNUSED_VARIABLE = YES;
				IPHONEOS_DEPLOYMENT_TARGET = 26.4;
				LOCALIZATION_PREFERS_STRING_CATALOGS = YES;
				MTL_ENABLE_DEBUG_INFO = INCLUDE_SOURCE;
				MTL_FAST_MATH = YES;
				ONLY_ACTIVE_ARCH = YES;
				SDKROOT = iphoneos;
				SWIFT_ACTIVE_COMPILATION_CONDITIONS = "DEBUG $(inherited)";
				SWIFT_OPTIMIZATION_LEVEL = "-Onone";
			};
			name = Debug;
		};
		DE14788E2FA6933D00DD1E8F /* Release */ = {
			isa = XCBuildConfiguration;
			buildSettings = {
				ALWAYS_SEARCH_USER_PATHS = NO;
				ASSETCATALOG_COMPILER_GENERATE_SWIFT_ASSET_SYMBOL_EXTENSIONS = YES;
				CLANG_ANALYZER_NONNULL = YES;
				CLANG_ANALYZER_NUMBER_OBJECT_CONVERSION = YES_AGGRESSIVE;
				CLANG_CXX_LANGUAGE_STANDARD = "gnu++20";
				CLANG_ENABLE_MODULES = YES;
				CLANG_ENABLE_OBJC_ARC = YES;
				CLANG_ENABLE_OBJC_WEAK = YES;
				CLANG_WARN_BLOCK_CAPTURE_AUTORELEASING = YES;
				CLANG_WARN_BOOL_CONVERSION = YES;
				CLANG_WARN_COMMA = YES;
				CLANG_WARN_CONSTANT_CONVERSION = YES;
				CLANG_WARN_DEPRECATED_OBJC_IMPLEMENTATIONS = YES;
				CLANG_WARN_DIRECT_OBJC_ISA_USAGE = YES_ERROR;
				CLANG_WARN_DOCUMENTATION_COMMENTS = YES;
				CLANG_WARN_EMPTY_BODY = YES;
				CLANG_WARN_ENUM_CONVERSION = YES;
				CLANG_WARN_INFINITE_RECURSION = YES;
				CLANG_WARN_INT_CONVERSION = YES;
				CLANG_WARN_NON_LITERAL_NULL_CONVERSION = YES;
				CLANG_WARN_OBJC_IMPLICIT_RETAIN_SELF = YES;
				CLANG_WARN_OBJC_LITERAL_CONVERSION = YES;
				CLANG_WARN_OBJC_ROOT_CLASS = YES_ERROR;
				CLANG_WARN_QUOTED_INCLUDE_IN_FRAMEWORK_HEADER = YES;
				CLANG_WARN_RANGE_LOOP_ANALYSIS = YES;
				CLANG_WARN_STRICT_PROTOTYPES = YES;
				CLANG_WARN_SUSPICIOUS_MOVE = YES;
				CLANG_WARN_UNGUARDED_AVAILABILITY = YES_AGGRESSIVE;
				CLANG_WARN_UNREACHABLE_CODE = YES;
				CLANG_WARN__DUPLICATE_METHOD_MATCH = YES;
				COPY_PHASE_STRIP = NO;
				DEBUG_INFORMATION_FORMAT = "dwarf-with-dsym";
				ENABLE_NS_ASSERTIONS = NO;
				ENABLE_STRICT_OBJC_MSGSEND = YES;
				ENABLE_USER_SCRIPT_SANDBOXING = YES;
				GCC_C_LANGUAGE_STANDARD = gnu17;
				GCC_NO_COMMON_BLOCKS = YES;
				GCC_WARN_64_TO_32_BIT_CONVERSION = YES;
				GCC_WARN_ABOUT_RETURN_TYPE = YES_ERROR;
				GCC_WARN_UNDECLARED_SELECTOR = YES;
				GCC_WARN_UNINITIALIZED_AUTOS = YES_AGGRESSIVE;
				GCC_WARN_UNUSED_FUNCTION = YES;
				GCC_WARN_UNUSED_VARIABLE = YES;
				IPHONEOS_DEPLOYMENT_TARGET = 26.4;
				LOCALIZATION_PREFERS_STRING_CATALOGS = YES;
				MTL_ENABLE_DEBUG_INFO = NO;
				MTL_FAST_MATH = YES;
				SDKROOT = iphoneos;
				SWIFT_COMPILATION_MODE = wholemodule;
				VALIDATE_PRODUCT = YES;
			};
			name = Release;
		};
		DE1478902FA6933D00DD1E8F /* Debug */ = {
			isa = XCBuildConfiguration;
			buildSettings = {
				ASSETCATALOG_COMPILER_APPICON_NAME = AppIcon;
				ASSETCATALOG_COMPILER_GLOBAL_ACCENT_COLOR_NAME = AccentColor;
				CODE_SIGN_STYLE = Automatic;
				CURRENT_PROJECT_VERSION = 1;
				ENABLE_PREVIEWS = YES;
				GENERATE_INFOPLIST_FILE = YES;
				INFOPLIST_KEY_UIApplicationSceneManifest_Generation = YES;
				INFOPLIST_KEY_UIApplicationSupportsIndirectInputEvents = YES;
				INFOPLIST_KEY_UILaunchScreen_Generation = YES;
				INFOPLIST_KEY_UISupportedInterfaceOrientations_iPad = "UIInterfaceOrientationPortrait UIInterfaceOrientationPortraitUpsideDown UIInterfaceOrientationLandscapeLeft UIInterfaceOrientationLandscapeRight";
				INFOPLIST_KEY_UISupportedInterfaceOrientations_iPhone = "UIInterfaceOrientationPortrait UIInterfaceOrientationLandscapeLeft UIInterfaceOrientationLandscapeRight";
				LD_RUNPATH_SEARCH_PATHS = (
					"$(inherited)",
					"@executable_path/Frameworks",
				);
				MARKETING_VERSION = 1.0;
				PRODUCT_BUNDLE_IDENTIFIER = com.Terry.CinmaBooking;
				PRODUCT_NAME = "$(TARGET_NAME)";
				STRING_CATALOG_GENERATE_SYMBOLS = YES;
				SWIFT_APPROACHABLE_CONCURRENCY = YES;
				SWIFT_DEFAULT_ACTOR_ISOLATION = MainActor;
				SWIFT_EMIT_LOC_STRINGS = YES;
				SWIFT_UPCOMING_FEATURE_MEMBER_IMPORT_VISIBILITY = YES;
				SWIFT_VERSION = 5.0;
				TARGETED_DEVICE_FAMILY = "1,2";
			};
			name = Debug;
		};
		DE1478912FA6933D00DD1E8F /* Release */ = {
			isa = XCBuildConfiguration;
			buildSettings = {
				ASSETCATALOG_COMPILER_APPICON_NAME = AppIcon;
				ASSETCATALOG_COMPILER_GLOBAL_ACCENT_COLOR_NAME = AccentColor;
				CODE_SIGN_STYLE = Automatic;
				CURRENT_PROJECT_VERSION = 1;
				ENABLE_PREVIEWS = YES;
				GENERATE_INFOPLIST_FILE = YES;
				INFOPLIST_KEY_UIApplicationSceneManifest_Generation = YES;
				INFOPLIST_KEY_UIApplicationSupportsIndirectInputEvents = YES;
				INFOPLIST_KEY_UILaunchScreen_Generation = YES;
				INFOPLIST_KEY_UISupportedInterfaceOrientations_iPad = "UIInterfaceOrientationPortrait UIInterfaceOrientationPortraitUpsideDown UIInterfaceOrientationLandscapeLeft UIInterfaceOrientationLandscapeRight";
				INFOPLIST_KEY_UISupportedInterfaceOrientations_iPhone = "UIInterfaceOrientationPortrait UIInterfaceOrientationLandscapeLeft UIInterfaceOrientationLandscapeRight";
				LD_RUNPATH_SEARCH_PATHS = (
					"$(inherited)",
					"@executable_path/Frameworks",
				);
				MARKETING_VERSION = 1.0;
				PRODUCT_BUNDLE_IDENTIFIER = com.Terry.CinmaBooking;
				PRODUCT_NAME = "$(TARGET_NAME)";
				STRING_CATALOG_GENERATE_SYMBOLS = YES;
				SWIFT_APPROACHABLE_CONCURRENCY = YES;
				SWIFT_DEFAULT_ACTOR_ISOLATION = MainActor;
				SWIFT_EMIT_LOC_STRINGS = YES;
				SWIFT_UPCOMING_FEATURE_MEMBER_IMPORT_VISIBILITY = YES;
				SWIFT_VERSION = 5.0;
				TARGETED_DEVICE_FAMILY = "1,2";
			};
			name = Release;
		};
/* End XCBuildConfiguration section */

/* Begin XCConfigurationList section */
		DE14787F2FA6933D00DD1E8F /* Build configuration list for PBXProject "CinmaBooking" */ = {
			isa = XCConfigurationList;
			buildConfigurations = (
				DE14788D2FA6933D00DD1E8F /* Debug */,
				DE14788E2FA6933D00DD1E8F /* Release */,
			);
			defaultConfigurationIsVisible = 0;
			defaultConfigurationName = Release;
		};
		DE14788F2FA6933D00DD1E8F /* Build configuration list for PBXNativeTarget "CinmaBooking" */ = {
			isa = XCConfigurationList;
			buildConfigurations = (
				DE1478902FA6933D00DD1E8F /* Debug */,
				DE1478912FA6933D00DD1E8F /* Release */,
			);
			defaultConfigurationIsVisible = 0;
			defaultConfigurationName = Release;
		};
/* End XCConfigurationList section */
	};
	rootObject = DE14787C2FA6933D00DD1E8F /* Project object */;
}
